
Microsoft Visual Studio Solution File, Format Version 12.00
# Visual Studio Version 17
VisualStudioVersion = 17.14.36127.28 d17.14
MinimumVisualStudioVersion = 10.0.40219.1
Project("{FAE04EC0-301F-11D3-BF4B-00C04F79EFBC}") = "ElectronicsStore", "ElectronicsStore.csproj", "{CFF2113F-D03E-43A1-8DD7-6B384D32D3B2}"
EndProject
Global
	GlobalSection(SolutionConfigurationPlatforms) = preSolution
		Debug|Any CPU = Debug|Any CPU
		Release|Any CPU = Release|Any CPU
	EndGlobalSection
	GlobalSection(ProjectConfigurationPlatforms) = postSolution
		{CFF2113F-D03E-43A1-8DD7-6B384D32D3B2}.Debug|Any CPU.ActiveCfg = Debug|Any CPU
		{CFF2113F-D03E-43A1-8DD7-6B384D32D3B2}.Debug|Any CPU.Build.0 = Debug|Any CPU
		{CFF2113F-D03E-43A1-8DD7-6B384D32D3B2}.Release|Any CPU.ActiveCfg = Release|Any CPU
		{CFF2113F-D03E-43A1-8DD7-6B384D32D3B2}.Release|Any CPU.Build.0 = Release|Any CPU
	EndGlobalSection
	GlobalSection(SolutionProperties) = preSolution
		HideSolutionNode = FALSE
	EndGlobalSection
	GlobalSection(ExtensibilityGlobals) = postSolution
		SolutionGuid = {1DF25DEA-CB2B-470E-B6CC-FB5A0847774C}
	EndGlobalSection
EndGlobal
